
Microsoft Visual Studio Solution File, Format Version 12.00
# Visual Studio 15
VisualStudioVersion = 15.0.28307.489
MinimumVisualStudioVersion = 10.0.40219.1
Project("{FAE04EC0-301F-11D3-BF4B-00C04F79EFBC}") = "Shared", "Shared\Shared.csproj", "{D5F2AE18-8C09-41D8-8989-81BB8EEE8A99}"
EndProject
Project("{FAE04EC0-301F-11D3-BF4B-00C04F79EFBC}") = "ExternalServiceLayer", "ExternalServiceLayer\ExternalServiceLayer.csproj", "{4B969F71-ECF4-48DF-8392-8B4D4EDE56D8}"
EndProject
Project("{FAE04EC0-301F-11D3-BF4B-00C04F79EFBC}") = "DataAccessLayer", "DataAccessLayer\DataAccessLayer.csproj", "{3445CE4E-D23A-414C-A197-5E8A215B7882}"
EndProject
Project("{FAE04EC0-301F-11D3-BF4B-00C04F79EFBC}") = "BussinessLogicLayer", "BussinessLogicLayer\BussinessLogicLayer.csproj", "{A05DCD6E-8CC6-4CAE-9825-73DC64461FD2}"
EndProject
Project("{FAE04EC0-301F-11D3-BF4B-00C04F79EFBC}") = "APIRestLayer", "APIRestLayer\APIRestLayer.csproj", "{5091A278-50F8-4FDE-8FE2-EC4C6BDDF0FE}"
EndProject
Project("{FAE04EC0-301F-11D3-BF4B-00C04F79EFBC}") = "WEBLayer", "WEBLayer\WEBLayer.csproj", "{7B33F1DF-F5E9-4BDE-9D5B-74B691C4F2B1}"
EndProject
Project("{FAE04EC0-301F-11D3-BF4B-00C04F79EFBC}") = "WEBLayer2", "WEBLayer2\WEBLayer2.csproj", "{3BDCE2DF-0A5A-47D0-B6D9-41EDA14C949F}"
EndProject
Global
	GlobalSection(SolutionConfigurationPlatforms) = preSolution
		Ad-Hoc|Any CPU = Ad-Hoc|Any CPU
		Ad-Hoc|iPhone = Ad-Hoc|iPhone
		Ad-Hoc|iPhoneSimulator = Ad-Hoc|iPhoneSimulator
		AppStore|Any CPU = AppStore|Any CPU
		AppStore|iPhone = AppStore|iPhone
		AppStore|iPhoneSimulator = AppStore|iPhoneSimulator
		Debug|Any CPU = Debug|Any CPU
		Debug|iPhone = Debug|iPhone
		Debug|iPhoneSimulator = Debug|iPhoneSimulator
		Release|Any CPU = Release|Any CPU
		Release|iPhone = Release|iPhone
		Release|iPhoneSimulator = Release|iPhoneSimulator
	EndGlobalSection
	GlobalSection(ProjectConfigurationPlatforms) = postSolution
		{D5F2AE18-8C09-41D8-8989-81BB8EEE8A99}.Ad-Hoc|Any CPU.ActiveCfg = Release|Any CPU
		{D5F2AE18-8C09-41D8-8989-81BB8EEE8A99}.Ad-Hoc|Any CPU.Build.0 = Release|Any CPU
		{D5F2AE18-8C09-41D8-8989-81BB8EEE8A99}.Ad-Hoc|iPhone.ActiveCfg = Release|Any CPU
		{D5F2AE18-8C09-41D8-8989-81BB8EEE8A99}.Ad-Hoc|iPhone.Build.0 = Release|Any CPU
		{D5F2AE18-8C09-41D8-8989-81BB8EEE8A99}.Ad-Hoc|iPhoneSimulator.ActiveCfg = Release|Any CPU
		{D5F2AE18-8C09-41D8-8989-81BB8EEE8A99}.Ad-Hoc|iPhoneSimulator.Build.0 = Release|Any CPU
		{D5F2AE18-8C09-41D8-8989-81BB8EEE8A99}.AppStore|Any CPU.ActiveCfg = Release|Any CPU
		{D5F2AE18-8C09-41D8-8989-81BB8EEE8A99}.AppStore|Any CPU.Build.0 = Release|Any CPU
		{D5F2AE18-8C09-41D8-8989-81BB8EEE8A99}.AppStore|iPhone.ActiveCfg = Release|Any CPU
		{D5F2AE18-8C09-41D8-8989-81BB8EEE8A99}.AppStore|iPhone.Build.0 = Release|Any CPU
		{D5F2AE18-8C09-41D8-8989-81BB8EEE8A99}.AppStore|iPhoneSimulator.ActiveCfg = Release|Any CPU
		{D5F2AE18-8C09-41D8-8989-81BB8EEE8A99}.AppStore|iPhoneSimulator.Build.0 = Release|Any CPU
		{D5F2AE18-8C09-41D8-8989-81BB8EEE8A99}.Debug|Any CPU.ActiveCfg = Debug|Any CPU
		{D5F2AE18-8C09-41D8-8989-81BB8EEE8A99}.Debug|Any CPU.Build.0 = Debug|Any CPU
		{D5F2AE18-8C09-41D8-8989-81BB8EEE8A99}.Debug|iPhone.ActiveCfg = Debug|Any CPU
		{D5F2AE18-8C09-41D8-8989-81BB8EEE8A99}.Debug|iPhone.Build.0 = Debug|Any CPU
		{D5F2AE18-8C09-41D8-8989-81BB8EEE8A99}.Debug|iPhoneSimulator.ActiveCfg = Debug|Any CPU
		{D5F2AE18-8C09-41D8-8989-81BB8EEE8A99}.Debug|iPhoneSimulator.Build.0 = Debug|Any CPU
		{D5F2AE18-8C09-41D8-8989-81BB8EEE8A99}.Release|Any CPU.ActiveCfg = Release|Any CPU
		{D5F2AE18-8C09-41D8-8989-81BB8EEE8A99}.Release|Any CPU.Build.0 = Release|Any CPU
		{D5F2AE18-8C09-41D8-8989-81BB8EEE8A99}.Release|iPhone.ActiveCfg = Release|Any CPU
		{D5F2AE18-8C09-41D8-8989-81BB8EEE8A99}.Release|iPhone.Build.0 = Release|Any CPU
		{D5F2AE18-8C09-41D8-8989-81BB8EEE8A99}.Release|iPhoneSimulator.ActiveCfg = Release|Any CPU
		{D5F2AE18-8C09-41D8-8989-81BB8EEE8A99}.Release|iPhoneSimulator.Build.0 = Release|Any CPU
		{4B969F71-ECF4-48DF-8392-8B4D4EDE56D8}.Ad-Hoc|Any CPU.ActiveCfg = Release|Any CPU
		{4B969F71-ECF4-48DF-8392-8B4D4EDE56D8}.Ad-Hoc|Any CPU.Build.0 = Release|Any CPU
		{4B969F71-ECF4-48DF-8392-8B4D4EDE56D8}.Ad-Hoc|iPhone.ActiveCfg = Release|Any CPU
		{4B969F71-ECF4-48DF-8392-8B4D4EDE56D8}.Ad-Hoc|iPhone.Build.0 = Release|Any CPU
		{4B969F71-ECF4-48DF-8392-8B4D4EDE56D8}.Ad-Hoc|iPhoneSimulator.ActiveCfg = Release|Any CPU
		{4B969F71-ECF4-48DF-8392-8B4D4EDE56D8}.Ad-Hoc|iPhoneSimulator.Build.0 = Release|Any CPU
		{4B969F71-ECF4-48DF-8392-8B4D4EDE56D8}.AppStore|Any CPU.ActiveCfg = Release|Any CPU
		{4B969F71-ECF4-48DF-8392-8B4D4EDE56D8}.AppStore|Any CPU.Build.0 = Release|Any CPU
		{4B969F71-ECF4-48DF-8392-8B4D4EDE56D8}.AppStore|iPhone.ActiveCfg = Release|Any CPU
		{4B969F71-ECF4-48DF-8392-8B4D4EDE56D8}.AppStore|iPhone.Build.0 = Release|Any CPU
		{4B969F71-ECF4-48DF-8392-8B4D4EDE56D8}.AppStore|iPhoneSimulator.ActiveCfg = Release|Any CPU
		{4B969F71-ECF4-48DF-8392-8B4D4EDE56D8}.AppStore|iPhoneSimulator.Build.0 = Release|Any CPU
		{4B969F71-ECF4-48DF-8392-8B4D4EDE56D8}.Debug|Any CPU.ActiveCfg = Debug|Any CPU
		{4B969F71-ECF4-48DF-8392-8B4D4EDE56D8}.Debug|Any CPU.Build.0 = Debug|Any CPU
		{4B969F71-ECF4-48DF-8392-8B4D4EDE56D8}.Debug|iPhone.ActiveCfg = Debug|Any CPU
		{4B969F71-ECF4-48DF-8392-8B4D4EDE56D8}.Debug|iPhone.Build.0 = Debug|Any CPU
		{4B969F71-ECF4-48DF-8392-8B4D4EDE56D8}.Debug|iPhoneSimulator.ActiveCfg = Debug|Any CPU
		{4B969F71-ECF4-48DF-8392-8B4D4EDE56D8}.Debug|iPhoneSimulator.Build.0 = Debug|Any CPU
		{4B969F71-ECF4-48DF-8392-8B4D4EDE56D8}.Release|Any CPU.ActiveCfg = Release|Any CPU
		{4B969F71-ECF4-48DF-8392-8B4D4EDE56D8}.Release|Any CPU.Build.0 = Release|Any CPU
		{4B969F71-ECF4-48DF-8392-8B4D4EDE56D8}.Release|iPhone.ActiveCfg = Release|Any CPU
		{4B969F71-ECF4-48DF-8392-8B4D4EDE56D8}.Release|iPhone.Build.0 = Release|Any CPU
		{4B969F71-ECF4-48DF-8392-8B4D4EDE56D8}.Release|iPhoneSimulator.ActiveCfg = Release|Any CPU
		{4B969F71-ECF4-48DF-8392-8B4D4EDE56D8}.Release|iPhoneSimulator.Build.0 = Release|Any CPU
		{3445CE4E-D23A-414C-A197-5E8A215B7882}.Ad-Hoc|Any CPU.ActiveCfg = Release|Any CPU
		{3445CE4E-D23A-414C-A197-5E8A215B7882}.Ad-Hoc|Any CPU.Build.0 = Release|Any CPU
		{3445CE4E-D23A-414C-A197-5E8A215B7882}.Ad-Hoc|iPhone.ActiveCfg = Release|Any CPU
		{3445CE4E-D23A-414C-A197-5E8A215B7882}.Ad-Hoc|iPhone.Build.0 = Release|Any CPU
		{3445CE4E-D23A-414C-A197-5E8A215B7882}.Ad-Hoc|iPhoneSimulator.ActiveCfg = Release|Any CPU
		{3445CE4E-D23A-414C-A197-5E8A215B7882}.Ad-Hoc|iPhoneSimulator.Build.0 = Release|Any CPU
		{3445CE4E-D23A-414C-A197-5E8A215B7882}.AppStore|Any CPU.ActiveCfg = Release|Any CPU
		{3445CE4E-D23A-414C-A197-5E8A215B7882}.AppStore|Any CPU.Build.0 = Release|Any CPU
		{3445CE4E-D23A-414C-A197-5E8A215B7882}.AppStore|iPhone.ActiveCfg = Release|Any CPU
		{3445CE4E-D23A-414C-A197-5E8A215B7882}.AppStore|iPhone.Build.0 = Release|Any CPU
		{3445CE4E-D23A-414C-A197-5E8A215B7882}.AppStore|iPhoneSimulator.ActiveCfg = Release|Any CPU
		{3445CE4E-D23A-414C-A197-5E8A215B7882}.AppStore|iPhoneSimulator.Build.0 = Release|Any CPU
		{3445CE4E-D23A-414C-A197-5E8A215B7882}.Debug|Any CPU.ActiveCfg = Debug|Any CPU
		{3445CE4E-D23A-414C-A197-5E8A215B7882}.Debug|Any CPU.Build.0 = Debug|Any CPU
		{3445CE4E-D23A-414C-A197-5E8A215B7882}.Debug|iPhone.ActiveCfg = Debug|Any CPU
		{3445CE4E-D23A-414C-A197-5E8A215B7882}.Debug|iPhone.Build.0 = Debug|Any CPU
		{3445CE4E-D23A-414C-A197-5E8A215B7882}.Debug|iPhoneSimulator.ActiveCfg = Debug|Any CPU
		{3445CE4E-D23A-414C-A197-5E8A215B7882}.Debug|iPhoneSimulator.Build.0 = Debug|Any CPU
		{3445CE4E-D23A-414C-A197-5E8A215B7882}.Release|Any CPU.ActiveCfg = Release|Any CPU
		{3445CE4E-D23A-414C-A197-5E8A215B7882}.Release|Any CPU.Build.0 = Release|Any CPU
		{3445CE4E-D23A-414C-A197-5E8A215B7882}.Release|iPhone.ActiveCfg = Release|Any CPU
		{3445CE4E-D23A-414C-A197-5E8A215B7882}.Release|iPhone.Build.0 = Release|Any CPU
		{3445CE4E-D23A-414C-A197-5E8A215B7882}.Release|iPhoneSimulator.ActiveCfg = Release|Any CPU
		{3445CE4E-D23A-414C-A197-5E8A215B7882}.Release|iPhoneSimulator.Build.0 = Release|Any CPU
		{A05DCD6E-8CC6-4CAE-9825-73DC64461FD2}.Ad-Hoc|Any CPU.ActiveCfg = Release|Any CPU
		{A05DCD6E-8CC6-4CAE-9825-73DC64461FD2}.Ad-Hoc|Any CPU.Build.0 = Release|Any CPU
		{A05DCD6E-8CC6-4CAE-9825-73DC64461FD2}.Ad-Hoc|iPhone.ActiveCfg = Release|Any CPU
		{A05DCD6E-8CC6-4CAE-9825-73DC64461FD2}.Ad-Hoc|iPhone.Build.0 = Release|Any CPU
		{A05DCD6E-8CC6-4CAE-9825-73DC64461FD2}.Ad-Hoc|iPhoneSimulator.ActiveCfg = Release|Any CPU
		{A05DCD6E-8CC6-4CAE-9825-73DC64461FD2}.Ad-Hoc|iPhoneSimulator.Build.0 = Release|Any CPU
		{A05DCD6E-8CC6-4CAE-9825-73DC64461FD2}.AppStore|Any CPU.ActiveCfg = Release|Any CPU
		{A05DCD6E-8CC6-4CAE-9825-73DC64461FD2}.AppStore|Any CPU.Build.0 = Release|Any CPU
		{A05DCD6E-8CC6-4CAE-9825-73DC64461FD2}.AppStore|iPhone.ActiveCfg = Release|Any CPU
		{A05DCD6E-8CC6-4CAE-9825-73DC64461FD2}.AppStore|iPhone.Build.0 = Release|Any CPU
		{A05DCD6E-8CC6-4CAE-9825-73DC64461FD2}.AppStore|iPhoneSimulator.ActiveCfg = Release|Any CPU
		{A05DCD6E-8CC6-4CAE-9825-73DC64461FD2}.AppStore|iPhoneSimulator.Build.0 = Release|Any CPU
		{A05DCD6E-8CC6-4CAE-9825-73DC64461FD2}.Debug|Any CPU.ActiveCfg = Debug|Any CPU
		{A05DCD6E-8CC6-4CAE-9825-73DC64461FD2}.Debug|Any CPU.Build.0 = Debug|Any CPU
		{A05DCD6E-8CC6-4CAE-9825-73DC64461FD2}.Debug|iPhone.ActiveCfg = Debug|Any CPU
		{A05DCD6E-8CC6-4CAE-9825-73DC64461FD2}.Debug|iPhone.Build.0 = Debug|Any CPU
		{A05DCD6E-8CC6-4CAE-9825-73DC64461FD2}.Debug|iPhoneSimulator.ActiveCfg = Debug|Any CPU
		{A05DCD6E-8CC6-4CAE-9825-73DC64461FD2}.Debug|iPhoneSimulator.Build.0 = Debug|Any CPU
		{A05DCD6E-8CC6-4CAE-9825-73DC64461FD2}.Release|Any CPU.ActiveCfg = Release|Any CPU
		{A05DCD6E-8CC6-4CAE-9825-73DC64461FD2}.Release|Any CPU.Build.0 = Release|Any CPU
		{A05DCD6E-8CC6-4CAE-9825-73DC64461FD2}.Release|iPhone.ActiveCfg = Release|Any CPU
		{A05DCD6E-8CC6-4CAE-9825-73DC64461FD2}.Release|iPhone.Build.0 = Release|Any CPU
		{A05DCD6E-8CC6-4CAE-9825-73DC64461FD2}.Release|iPhoneSimulator.ActiveCfg = Release|Any CPU
		{A05DCD6E-8CC6-4CAE-9825-73DC64461FD2}.Release|iPhoneSimulator.Build.0 = Release|Any CPU
		{5091A278-50F8-4FDE-8FE2-EC4C6BDDF0FE}.Ad-Hoc|Any CPU.ActiveCfg = Release|Any CPU
		{5091A278-50F8-4FDE-8FE2-EC4C6BDDF0FE}.Ad-Hoc|Any CPU.Build.0 = Release|Any CPU
		{5091A278-50F8-4FDE-8FE2-EC4C6BDDF0FE}.Ad-Hoc|iPhone.ActiveCfg = Release|Any CPU
		{5091A278-50F8-4FDE-8FE2-EC4C6BDDF0FE}.Ad-Hoc|iPhone.Build.0 = Release|Any CPU
		{5091A278-50F8-4FDE-8FE2-EC4C6BDDF0FE}.Ad-Hoc|iPhoneSimulator.ActiveCfg = Release|Any CPU
		{5091A278-50F8-4FDE-8FE2-EC4C6BDDF0FE}.Ad-Hoc|iPhoneSimulator.Build.0 = Release|Any CPU
		{5091A278-50F8-4FDE-8FE2-EC4C6BDDF0FE}.AppStore|Any CPU.ActiveCfg = Release|Any CPU
		{5091A278-50F8-4FDE-8FE2-EC4C6BDDF0FE}.AppStore|Any CPU.Build.0 = Release|Any CPU
		{5091A278-50F8-4FDE-8FE2-EC4C6BDDF0FE}.AppStore|iPhone.ActiveCfg = Release|Any CPU
		{5091A278-50F8-4FDE-8FE2-EC4C6BDDF0FE}.AppStore|iPhone.Build.0 = Release|Any CPU
		{5091A278-50F8-4FDE-8FE2-EC4C6BDDF0FE}.AppStore|iPhoneSimulator.ActiveCfg = Release|Any CPU
		{5091A278-50F8-4FDE-8FE2-EC4C6BDDF0FE}.AppStore|iPhoneSimulator.Build.0 = Release|Any CPU
		{5091A278-50F8-4FDE-8FE2-EC4C6BDDF0FE}.Debug|Any CPU.ActiveCfg = Debug|Any CPU
		{5091A278-50F8-4FDE-8FE2-EC4C6BDDF0FE}.Debug|Any CPU.Build.0 = Debug|Any CPU
		{5091A278-50F8-4FDE-8FE2-EC4C6BDDF0FE}.Debug|iPhone.ActiveCfg = Debug|Any CPU
		{5091A278-50F8-4FDE-8FE2-EC4C6BDDF0FE}.Debug|iPhone.Build.0 = Debug|Any CPU
		{5091A278-50F8-4FDE-8FE2-EC4C6BDDF0FE}.Debug|iPhoneSimulator.ActiveCfg = Debug|Any CPU
		{5091A278-50F8-4FDE-8FE2-EC4C6BDDF0FE}.Debug|iPhoneSimulator.Build.0 = Debug|Any CPU
		{5091A278-50F8-4FDE-8FE2-EC4C6BDDF0FE}.Release|Any CPU.ActiveCfg = Release|Any CPU
		{5091A278-50F8-4FDE-8FE2-EC4C6BDDF0FE}.Release|Any CPU.Build.0 = Release|Any CPU
		{5091A278-50F8-4FDE-8FE2-EC4C6BDDF0FE}.Release|iPhone.ActiveCfg = Release|Any CPU
		{5091A278-50F8-4FDE-8FE2-EC4C6BDDF0FE}.Release|iPhone.Build.0 = Release|Any CPU
		{5091A278-50F8-4FDE-8FE2-EC4C6BDDF0FE}.Release|iPhoneSimulator.ActiveCfg = Release|Any CPU
		{5091A278-50F8-4FDE-8FE2-EC4C6BDDF0FE}.Release|iPhoneSimulator.Build.0 = Release|Any CPU
		{7B33F1DF-F5E9-4BDE-9D5B-74B691C4F2B1}.Ad-Hoc|Any CPU.ActiveCfg = Release|Any CPU
		{7B33F1DF-F5E9-4BDE-9D5B-74B691C4F2B1}.Ad-Hoc|Any CPU.Build.0 = Release|Any CPU
		{7B33F1DF-F5E9-4BDE-9D5B-74B691C4F2B1}.Ad-Hoc|iPhone.ActiveCfg = Release|Any CPU
		{7B33F1DF-F5E9-4BDE-9D5B-74B691C4F2B1}.Ad-Hoc|iPhone.Build.0 = Release|Any CPU
		{7B33F1DF-F5E9-4BDE-9D5B-74B691C4F2B1}.Ad-Hoc|iPhoneSimulator.ActiveCfg = Release|Any CPU
		{7B33F1DF-F5E9-4BDE-9D5B-74B691C4F2B1}.Ad-Hoc|iPhoneSimulator.Build.0 = Release|Any CPU
		{7B33F1DF-F5E9-4BDE-9D5B-74B691C4F2B1}.AppStore|Any CPU.ActiveCfg = Release|Any CPU
		{7B33F1DF-F5E9-4BDE-9D5B-74B691C4F2B1}.AppStore|Any CPU.Build.0 = Release|Any CPU
		{7B33F1DF-F5E9-4BDE-9D5B-74B691C4F2B1}.AppStore|iPhone.ActiveCfg = Release|Any CPU
		{7B33F1DF-F5E9-4BDE-9D5B-74B691C4F2B1}.AppStore|iPhone.Build.0 = Release|Any CPU
		{7B33F1DF-F5E9-4BDE-9D5B-74B691C4F2B1}.AppStore|iPhoneSimulator.ActiveCfg = Release|Any CPU
		{7B33F1DF-F5E9-4BDE-9D5B-74B691C4F2B1}.AppStore|iPhoneSimulator.Build.0 = Release|Any CPU
		{7B33F1DF-F5E9-4BDE-9D5B-74B691C4F2B1}.Debug|Any CPU.ActiveCfg = Debug|Any CPU
		{7B33F1DF-F5E9-4BDE-9D5B-74B691C4F2B1}.Debug|Any CPU.Build.0 = Debug|Any CPU
		{7B33F1DF-F5E9-4BDE-9D5B-74B691C4F2B1}.Debug|iPhone.ActiveCfg = Debug|Any CPU
		{7B33F1DF-F5E9-4BDE-9D5B-74B691C4F2B1}.Debug|iPhone.Build.0 = Debug|Any CPU
		{7B33F1DF-F5E9-4BDE-9D5B-74B691C4F2B1}.Debug|iPhoneSimulator.ActiveCfg = Debug|Any CPU
		{7B33F1DF-F5E9-4BDE-9D5B-74B691C4F2B1}.Debug|iPhoneSimulator.Build.0 = Debug|Any CPU
		{7B33F1DF-F5E9-4BDE-9D5B-74B691C4F2B1}.Release|Any CPU.ActiveCfg = Release|Any CPU
		{7B33F1DF-F5E9-4BDE-9D5B-74B691C4F2B1}.Release|Any CPU.Build.0 = Release|Any CPU
		{7B33F1DF-F5E9-4BDE-9D5B-74B691C4F2B1}.Release|iPhone.ActiveCfg = Release|Any CPU
		{7B33F1DF-F5E9-4BDE-9D5B-74B691C4F2B1}.Release|iPhone.Build.0 = Release|Any CPU
		{7B33F1DF-F5E9-4BDE-9D5B-74B691C4F2B1}.Release|iPhoneSimulator.ActiveCfg = Release|Any CPU
		{7B33F1DF-F5E9-4BDE-9D5B-74B691C4F2B1}.Release|iPhoneSimulator.Build.0 = Release|Any CPU
		{3BDCE2DF-0A5A-47D0-B6D9-41EDA14C949F}.Ad-Hoc|Any CPU.ActiveCfg = Release|Any CPU
		{3BDCE2DF-0A5A-47D0-B6D9-41EDA14C949F}.Ad-Hoc|Any CPU.Build.0 = Release|Any CPU
		{3BDCE2DF-0A5A-47D0-B6D9-41EDA14C949F}.Ad-Hoc|iPhone.ActiveCfg = Release|Any CPU
		{3BDCE2DF-0A5A-47D0-B6D9-41EDA14C949F}.Ad-Hoc|iPhone.Build.0 = Release|Any CPU
		{3BDCE2DF-0A5A-47D0-B6D9-41EDA14C949F}.Ad-Hoc|iPhoneSimulator.ActiveCfg = Release|Any CPU
		{3BDCE2DF-0A5A-47D0-B6D9-41EDA14C949F}.Ad-Hoc|iPhoneSimulator.Build.0 = Release|Any CPU
		{3BDCE2DF-0A5A-47D0-B6D9-41EDA14C949F}.AppStore|Any CPU.ActiveCfg = Release|Any CPU
		{3BDCE2DF-0A5A-47D0-B6D9-41EDA14C949F}.AppStore|Any CPU.Build.0 = Release|Any CPU
		{3BDCE2DF-0A5A-47D0-B6D9-41EDA14C949F}.AppStore|iPhone.ActiveCfg = Release|Any CPU
		{3BDCE2DF-0A5A-47D0-B6D9-41EDA14C949F}.AppStore|iPhone.Build.0 = Release|Any CPU
		{3BDCE2DF-0A5A-47D0-B6D9-41EDA14C949F}.AppStore|iPhoneSimulator.ActiveCfg = Release|Any CPU
		{3BDCE2DF-0A5A-47D0-B6D9-41EDA14C949F}.AppStore|iPhoneSimulator.Build.0 = Release|Any CPU
		{3BDCE2DF-0A5A-47D0-B6D9-41EDA14C949F}.Debug|Any CPU.ActiveCfg = Debug|Any CPU
		{3BDCE2DF-0A5A-47D0-B6D9-41EDA14C949F}.Debug|Any CPU.Build.0 = Debug|Any CPU
		{3BDCE2DF-0A5A-47D0-B6D9-41EDA14C949F}.Debug|iPhone.ActiveCfg = Debug|Any CPU
		{3BDCE2DF-0A5A-47D0-B6D9-41EDA14C949F}.Debug|iPhone.Build.0 = Debug|Any CPU
		{3BDCE2DF-0A5A-47D0-B6D9-41EDA14C949F}.Debug|iPhoneSimulator.ActiveCfg = Debug|Any CPU
		{3BDCE2DF-0A5A-47D0-B6D9-41EDA14C949F}.Debug|iPhoneSimulator.Build.0 = Debug|Any CPU
		{3BDCE2DF-0A5A-47D0-B6D9-41EDA14C949F}.Release|Any CPU.ActiveCfg = Release|Any CPU
		{3BDCE2DF-0A5A-47D0-B6D9-41EDA14C949F}.Release|Any CPU.Build.0 = Release|Any CPU
		{3BDCE2DF-0A5A-47D0-B6D9-41EDA14C949F}.Release|iPhone.ActiveCfg = Release|Any CPU
		{3BDCE2DF-0A5A-47D0-B6D9-41EDA14C949F}.Release|iPhone.Build.0 = Release|Any CPU
		{3BDCE2DF-0A5A-47D0-B6D9-41EDA14C949F}.Release|iPhoneSimulator.ActiveCfg = Release|Any CPU
		{3BDCE2DF-0A5A-47D0-B6D9-41EDA14C949F}.Release|iPhoneSimulator.Build.0 = Release|Any CPU
	EndGlobalSection
	GlobalSection(SolutionProperties) = preSolution
		HideSolutionNode = FALSE
	EndGlobalSection
	GlobalSection(ExtensibilityGlobals) = postSolution
		SolutionGuid = {D7C1A781-1E44-4402-AF5C-09D07FB99346}
	EndGlobalSection
EndGlobal
